
Microsoft Visual Studio Solution File, Format Version 12.00
# Visual Studio Version 16
VisualStudioVersion = 16.0.28803.202
MinimumVisualStudioVersion = 10.0.40219.1
Project("{FAE04EC0-301F-11D3-BF4B-00C04F79EFBC}") = "EFCoreDemo2", "EFCoreDemo2\EFCoreDemo2.csproj", "{D5146D52-7D06-4AA6-BA80-5C972727BD4F}"
EndProject
Global
	GlobalSection(SolutionConfigurationPlatforms) = preSolution
		Debug|Any CPU = Debug|Any CPU
		Release|Any CPU = Release|Any CPU
	EndGlobalSection
	GlobalSection(ProjectConfigurationPlatforms) = postSolution
		{D5146D52-7D06-4AA6-BA80-5C972727BD4F}.Debug|Any CPU.ActiveCfg = Debug|Any CPU
		{D5146D52-7D06-4AA6-BA80-5C972727BD4F}.Debug|Any CPU.Build.0 = Debug|Any CPU
		{D5146D52-7D06-4AA6-BA80-5C972727BD4F}.Release|Any CPU.ActiveCfg = Release|Any CPU
		{D5146D52-7D06-4AA6-BA80-5C972727BD4F}.Release|Any CPU.Build.0 = Release|Any CPU
	EndGlobalSection
	GlobalSection(SolutionProperties) = preSolution
		HideSolutionNode = FALSE
	EndGlobalSection
	GlobalSection(ExtensibilityGlobals) = postSolution
		SolutionGuid = {E6A0BCA4-15C0-458B-825A-6AEA056A9DA7}
	EndGlobalSection
EndGlobal
