
Microsoft Visual Studio Solution File, Format Version 12.00
# Visual Studio Version 16
VisualStudioVersion = 16.0.28803.202
MinimumVisualStudioVersion = 10.0.40219.1
Project("{FAE04EC0-301F-11D3-BF4B-00C04F79EFBC}") = "DependencyInjectionSample", "DependencyInjectionSample\DependencyInjectionSample.csproj", "{29739814-76DA-4DA3-86B8-9128AABF7286}"
EndProject
Global
	GlobalSection(SolutionConfigurationPlatforms) = preSolution
		Debug|Any CPU = Debug|Any CPU
		Release|Any CPU = Release|Any CPU
	EndGlobalSection
	GlobalSection(ProjectConfigurationPlatforms) = postSolution
		{29739814-76DA-4DA3-86B8-9128AABF7286}.Debug|Any CPU.ActiveCfg = Debug|Any CPU
		{29739814-76DA-4DA3-86B8-9128AABF7286}.Debug|Any CPU.Build.0 = Debug|Any CPU
		{29739814-76DA-4DA3-86B8-9128AABF7286}.Release|Any CPU.ActiveCfg = Release|Any CPU
		{29739814-76DA-4DA3-86B8-9128AABF7286}.Release|Any CPU.Build.0 = Release|Any CPU
	EndGlobalSection
	GlobalSection(SolutionProperties) = preSolution
		HideSolutionNode = FALSE
	EndGlobalSection
	GlobalSection(ExtensibilityGlobals) = postSolution
		SolutionGuid = {B64E956A-FE62-45C0-B5F7-A3F3C65E6CA3}
	EndGlobalSection
EndGlobal
